
Microsoft Visual Studio Solution File, Format Version 12.00
# Visual Studio Version 16
VisualStudioVersion = 16.0.29613.14
MinimumVisualStudioVersion = 10.0.40219.1
Project("{FAE04EC0-301F-11D3-BF4B-00C04F79EFBC}") = "Quiz", "Quiz\Quiz.csproj", "{4F42BA80-2CE3-4702-8ADF-56B2BB49BBE4}"
EndProject
Global
	GlobalSection(SolutionConfigurationPlatforms) = preSolution
		Debug|Any CPU = Debug|Any CPU
		Release|Any CPU = Release|Any CPU
	EndGlobalSection
	GlobalSection(ProjectConfigurationPlatforms) = postSolution
		{4F42BA80-2CE3-4702-8ADF-56B2BB49BBE4}.Debug|Any CPU.ActiveCfg = Debug|Any CPU
		{4F42BA80-2CE3-4702-8ADF-56B2BB49BBE4}.Debug|Any CPU.Build.0 = Debug|Any CPU
		{4F42BA80-2CE3-4702-8ADF-56B2BB49BBE4}.Release|Any CPU.ActiveCfg = Release|Any CPU
		{4F42BA80-2CE3-4702-8ADF-56B2BB49BBE4}.Release|Any CPU.Build.0 = Release|Any CPU
	EndGlobalSection
	GlobalSection(SolutionProperties) = preSolution
		HideSolutionNode = FALSE
	EndGlobalSection
	GlobalSection(ExtensibilityGlobals) = postSolution
		SolutionGuid = {65482D55-1D85-4831-936F-CC8CA15A1856}
	EndGlobalSection
EndGlobal
